
Microsoft Visual Studio Solution File, Format Version 12.00
# Visual Studio Version 17
VisualStudioVersion = 17.7.34024.191
MinimumVisualStudioVersion = 10.0.40219.1
Project("{54A90642-561A-4BB1-A94E-469ADEE60C69}") = "worldwise", "WorldWise\worldwise.esproj", "{508440CF-3200-4245-8172-514F7DEADCA2}"
EndProject
Global
	GlobalSection(SolutionConfigurationPlatforms) = preSolution
		Debug|Any CPU = Debug|Any CPU
		Release|Any CPU = Release|Any CPU
	EndGlobalSection
	GlobalSection(ProjectConfigurationPlatforms) = postSolution
		{508440CF-3200-4245-8172-514F7DEADCA2}.Debug|Any CPU.ActiveCfg = Debug|Any CPU
		{508440CF-3200-4245-8172-514F7DEADCA2}.Debug|Any CPU.Build.0 = Debug|Any CPU
		{508440CF-3200-4245-8172-514F7DEADCA2}.Debug|Any CPU.Deploy.0 = Debug|Any CPU
		{508440CF-3200-4245-8172-514F7DEADCA2}.Release|Any CPU.ActiveCfg = Release|Any CPU
		{508440CF-3200-4245-8172-514F7DEADCA2}.Release|Any CPU.Build.0 = Release|Any CPU
		{508440CF-3200-4245-8172-514F7DEADCA2}.Release|Any CPU.Deploy.0 = Release|Any CPU
	EndGlobalSection
	GlobalSection(SolutionProperties) = preSolution
		HideSolutionNode = FALSE
	EndGlobalSection
	GlobalSection(ExtensibilityGlobals) = postSolution
		SolutionGuid = {45F58BB2-2E95-489B-BAB3-80E3BA48DD34}
	EndGlobalSection
EndGlobal
